# This file is generated by running "yarn install" inside your project.
# Manual changes might be lost - proceed with caution!

__metadata:
  version: 6
  cacheKey: 8

"@isaacs/cliui@npm:^8.0.2":
  version: 8.0.2
  resolution: "@isaacs/cliui@npm:8.0.2"
  dependencies:
    string-width: ^5.1.2
    string-width-cjs: "npm:string-width@^4.2.0"
    strip-ansi: ^7.0.1
    strip-ansi-cjs: "npm:strip-ansi@^6.0.1"
    wrap-ansi: ^8.1.0
    wrap-ansi-cjs: "npm:wrap-ansi@^7.0.0"
  checksum: 4a473b9b32a7d4d3cfb7a614226e555091ff0c5a29a1734c28c72a182c2f6699b26fc6b5c2131dfd841e86b185aea714c72201d7c98c2fba5f17709333a67aeb
  languageName: node
  linkType: hard

"@npmcli/fs@npm:^3.1.0":
  version: 3.1.0
  resolution: "@npmcli/fs@npm:3.1.0"
  dependencies:
    semver: ^7.3.5
  checksum: a50a6818de5fc557d0b0e6f50ec780a7a02ab8ad07e5ac8b16bf519e0ad60a144ac64f97d05c443c3367235d337182e1d012bbac0eb8dbae8dc7b40b193efd0e
  languageName: node
  linkType: hard

"@pkgjs/parseargs@npm:^0.11.0":
  version: 0.11.0
  resolution: "@pkgjs/parseargs@npm:0.11.0"
  checksum: 6ad6a00fc4f2f2cfc6bff76fb1d88b8ee20bc0601e18ebb01b6d4be583733a860239a521a7fbca73b612e66705078809483549d2b18f370eb346c5155c8e4a0f
  languageName: node
  linkType: hard

"@tootallnate/once@npm:2":
  version: 2.0.0
  resolution: "@tootallnate/once@npm:2.0.0"
  checksum: ad87447820dd3f24825d2d947ebc03072b20a42bfc96cbafec16bff8bbda6c1a81fcb0be56d5b21968560c5359a0af4038a68ba150c3e1694fe4c109a063bed8
  languageName: node
  linkType: hard

"abbrev@npm:^1.0.0":
  version: 1.1.1
  resolution: "abbrev@npm:1.1.1"
  checksum: a4a97ec07d7ea112c517036882b2ac22f3109b7b19077dc656316d07d308438aac28e4d9746dc4d84bf6b1e75b4a7b0a5f3cb30592419f128ca9a8cee3bcfa17
  languageName: node
  linkType: hard

"agent-base@npm:6, agent-base@npm:^6.0.2":
  version: 6.0.2
  resolution: "agent-base@npm:6.0.2"
  dependencies:
    debug: 4
  checksum: f52b6872cc96fd5f622071b71ef200e01c7c4c454ee68bc9accca90c98cfb39f2810e3e9aa330435835eedc8c23f4f8a15267f67c6e245d2b33757575bdac49d
  languageName: node
  linkType: hard

"agentkeepalive@npm:^4.2.1":
  version: 4.3.0
  resolution: "agentkeepalive@npm:4.3.0"
  dependencies:
    debug: ^4.1.0
    depd: ^2.0.0
    humanize-ms: ^1.2.1
  checksum: 982453aa44c11a06826c836025e5162c846e1200adb56f2d075400da7d32d87021b3b0a58768d949d824811f5654223d5a8a3dad120921a2439625eb847c6260
  languageName: node
  linkType: hard

"aggregate-error@npm:^3.0.0":
  version: 3.1.0
  resolution: "aggregate-error@npm:3.1.0"
  dependencies:
    clean-stack: ^2.0.0
    indent-string: ^4.0.0
  checksum: 1101a33f21baa27a2fa8e04b698271e64616b886795fd43c31068c07533c7b3facfcaf4e9e0cab3624bd88f729a592f1c901a1a229c9e490eafce411a8644b79
  languageName: node
  linkType: hard

"ansi-regex@npm:^4.1.0":
  version: 4.1.1
  resolution: "ansi-regex@npm:4.1.1"
  checksum: b1a6ee44cb6ecdabaa770b2ed500542714d4395d71c7e5c25baa631f680fb2ad322eb9ba697548d498a6fd366949fc8b5bfcf48d49a32803611f648005b01888
  languageName: node
  linkType: hard

"ansi-regex@npm:^5.0.1":
  version: 5.0.1
  resolution: "ansi-regex@npm:5.0.1"
  checksum: 2aa4bb54caf2d622f1afdad09441695af2a83aa3fe8b8afa581d205e57ed4261c183c4d3877cee25794443fde5876417d859c108078ab788d6af7e4fe52eb66b
  languageName: node
  linkType: hard

"ansi-regex@npm:^6.0.1":
  version: 6.0.1
  resolution: "ansi-regex@npm:6.0.1"
  checksum: 1ff8b7667cded1de4fa2c9ae283e979fc87036864317da86a2e546725f96406746411d0d85e87a2d12fa5abd715d90006de7fa4fa0477c92321ad3b4c7d4e169
  languageName: node
  linkType: hard

"ansi-styles@npm:^3.2.0":
  version: 3.2.1
  resolution: "ansi-styles@npm:3.2.1"
  dependencies:
    color-convert: ^1.9.0
  checksum: d85ade01c10e5dd77b6c89f34ed7531da5830d2cb5882c645f330079975b716438cd7ebb81d0d6e6b4f9c577f19ae41ab55f07f19786b02f9dfd9e0377395665
  languageName: node
  linkType: hard

"ansi-styles@npm:^4.0.0":
  version: 4.3.0
  resolution: "ansi-styles@npm:4.3.0"
  dependencies:
    color-convert: ^2.0.1
  checksum: 513b44c3b2105dd14cc42a19271e80f386466c4be574bccf60b627432f9198571ebf4ab1e4c3ba17347658f4ee1711c163d574248c0c1cdc2d5917a0ad582ec4
  languageName: node
  linkType: hard

"ansi-styles@npm:^6.1.0":
  version: 6.2.1
  resolution: "ansi-styles@npm:6.2.1"
  checksum: ef940f2f0ced1a6347398da88a91da7930c33ecac3c77b72c5905f8b8fe402c52e6fde304ff5347f616e27a742da3f1dc76de98f6866c69251ad0b07a66776d9
  languageName: node
  linkType: hard

"anymatch@npm:~3.1.2":
  version: 3.1.3
  resolution: "anymatch@npm:3.1.3"
  dependencies:
    normalize-path: ^3.0.0
    picomatch: ^2.0.4
  checksum: 3e044fd6d1d26545f235a9fe4d7a534e2029d8e59fa7fd9f2a6eb21230f6b5380ea1eaf55136e60cbf8e613544b3b766e7a6fa2102e2a3a117505466e3025dc2
  languageName: node
  linkType: hard

"aproba@npm:^1.0.3 || ^2.0.0":
  version: 2.0.0
  resolution: "aproba@npm:2.0.0"
  checksum: 5615cadcfb45289eea63f8afd064ab656006361020e1735112e346593856f87435e02d8dcc7ff0d11928bc7d425f27bc7c2a84f6c0b35ab0ff659c814c138a24
  languageName: node
  linkType: hard

"are-we-there-yet@npm:^3.0.0":
  version: 3.0.1
  resolution: "are-we-there-yet@npm:3.0.1"
  dependencies:
    delegates: ^1.0.0
    readable-stream: ^3.6.0
  checksum: 52590c24860fa7173bedeb69a4c05fb573473e860197f618b9a28432ee4379049336727ae3a1f9c4cb083114601c1140cee578376164d0e651217a9843f9fe83
  languageName: node
  linkType: hard

"balanced-match@npm:^1.0.0":
  version: 1.0.2
  resolution: "balanced-match@npm:1.0.2"
  checksum: 9706c088a283058a8a99e0bf91b0a2f75497f185980d9ffa8b304de1d9e58ebda7c72c07ebf01dadedaac5b2907b2c6f566f660d62bd336c3468e960403b9d65
  languageName: node
  linkType: hard

"binary-extensions@npm:^2.0.0":
  version: 2.2.0
  resolution: "binary-extensions@npm:2.2.0"
  checksum: ccd267956c58d2315f5d3ea6757cf09863c5fc703e50fbeb13a7dc849b812ef76e3cf9ca8f35a0c48498776a7478d7b4a0418e1e2b8cb9cb9731f2922aaad7f8
  languageName: node
  linkType: hard

"brace-expansion@npm:^1.1.7":
  version: 1.1.11
  resolution: "brace-expansion@npm:1.1.11"
  dependencies:
    balanced-match: ^1.0.0
    concat-map: 0.0.1
  checksum: faf34a7bb0c3fcf4b59c7808bc5d2a96a40988addf2e7e09dfbb67a2251800e0d14cd2bfc1aa79174f2f5095c54ff27f46fb1289fe2d77dac755b5eb3434cc07
  languageName: node
  linkType: hard

"brace-expansion@npm:^2.0.1":
  version: 2.0.1
  resolution: "brace-expansion@npm:2.0.1"
  dependencies:
    balanced-match: ^1.0.0
  checksum: a61e7cd2e8a8505e9f0036b3b6108ba5e926b4b55089eeb5550cd04a471fe216c96d4fe7e4c7f995c728c554ae20ddfc4244cad10aef255e72b62930afd233d1
  languageName: node
  linkType: hard

"braces@npm:~3.0.2":
  version: 3.0.2
  resolution: "braces@npm:3.0.2"
  dependencies:
    fill-range: ^7.0.1
  checksum: e2a8e769a863f3d4ee887b5fe21f63193a891c68b612ddb4b68d82d1b5f3ff9073af066c343e9867a393fe4c2555dcb33e89b937195feb9c1613d259edfcd459
  languageName: node
  linkType: hard

"cacache@npm:^17.0.0":
  version: 17.1.3
  resolution: "cacache@npm:17.1.3"
  dependencies:
    "@npmcli/fs": ^3.1.0
    fs-minipass: ^3.0.0
    glob: ^10.2.2
    lru-cache: ^7.7.1
    minipass: ^5.0.0
    minipass-collect: ^1.0.2
    minipass-flush: ^1.0.5
    minipass-pipeline: ^1.2.4
    p-map: ^4.0.0
    ssri: ^10.0.0
    tar: ^6.1.11
    unique-filename: ^3.0.0
  checksum: 385756781e1e21af089160d89d7462b7ed9883c978e848c7075b90b73cb823680e66092d61513050164588387d2ca87dd6d910e28d64bc13a9ac82cd8580c796
  languageName: node
  linkType: hard

"camelcase@npm:^5.0.0":
  version: 5.3.1
  resolution: "camelcase@npm:5.3.1"
  checksum: e6effce26b9404e3c0f301498184f243811c30dfe6d0b9051863bd8e4034d09c8c2923794f280d6827e5aa055f6c434115ff97864a16a963366fb35fd673024b
  languageName: node
  linkType: hard

"chokidar-cli@npm:^3.0.0":
  version: 3.0.0
  resolution: "chokidar-cli@npm:3.0.0"
  dependencies:
    chokidar: ^3.5.2
    lodash.debounce: ^4.0.8
    lodash.throttle: ^4.1.1
    yargs: ^13.3.0
  bin:
    chokidar: index.js
  checksum: 4a4ffb83aaa3e1745bc1f279f25c66e5b2dd84cac500c4f1b6a2602254e05e717f646678e54e419144fe398a1a672a5b061e19d82ba5a61a636385a2aa11d825
  languageName: node
  linkType: hard

"chokidar@npm:^3.5.2":
  version: 3.5.3
  resolution: "chokidar@npm:3.5.3"
  dependencies:
    anymatch: ~3.1.2
    braces: ~3.0.2
    fsevents: ~2.3.2
    glob-parent: ~5.1.2
    is-binary-path: ~2.1.0
    is-glob: ~4.0.1
    normalize-path: ~3.0.0
    readdirp: ~3.6.0
  dependenciesMeta:
    fsevents:
      optional: true
  checksum: b49fcde40176ba007ff361b198a2d35df60d9bb2a5aab228279eb810feae9294a6b4649ab15981304447afe1e6ffbf4788ad5db77235dc770ab777c6e771980c
  languageName: node
  linkType: hard

"chownr@npm:^2.0.0":
  version: 2.0.0
  resolution: "chownr@npm:2.0.0"
  checksum: c57cf9dd0791e2f18a5ee9c1a299ae6e801ff58fee96dc8bfd0dcb4738a6ce58dd252a3605b1c93c6418fe4f9d5093b28ffbf4d66648cb2a9c67eaef9679be2f
  languageName: node
  linkType: hard

"clean-stack@npm:^2.0.0":
  version: 2.2.0
  resolution: "clean-stack@npm:2.2.0"
  checksum: 2ac8cd2b2f5ec986a3c743935ec85b07bc174d5421a5efc8017e1f146a1cf5f781ae962618f416352103b32c9cd7e203276e8c28241bbe946160cab16149fb68
  languageName: node
  linkType: hard

"cliui@npm:^5.0.0":
  version: 5.0.0
  resolution: "cliui@npm:5.0.0"
  dependencies:
    string-width: ^3.1.0
    strip-ansi: ^5.2.0
    wrap-ansi: ^5.1.0
  checksum: 0bb8779efe299b8f3002a73619eaa8add4081eb8d1c17bc4fedc6240557fb4eacdc08fe87c39b002eacb6cfc117ce736b362dbfd8bf28d90da800e010ee97df4
  languageName: node
  linkType: hard

"color-convert@npm:^1.9.0":
  version: 1.9.3
  resolution: "color-convert@npm:1.9.3"
  dependencies:
    color-name: 1.1.3
  checksum: fd7a64a17cde98fb923b1dd05c5f2e6f7aefda1b60d67e8d449f9328b4e53b228a428fd38bfeaeb2db2ff6b6503a776a996150b80cdf224062af08a5c8a3a203
  languageName: node
  linkType: hard

"color-convert@npm:^2.0.1":
  version: 2.0.1
  resolution: "color-convert@npm:2.0.1"
  dependencies:
    color-name: ~1.1.4
  checksum: 79e6bdb9fd479a205c71d89574fccfb22bd9053bd98c6c4d870d65c132e5e904e6034978e55b43d69fcaa7433af2016ee203ce76eeba9cfa554b373e7f7db336
  languageName: node
  linkType: hard

"color-name@npm:1.1.3":
  version: 1.1.3
  resolution: "color-name@npm:1.1.3"
  checksum: 09c5d3e33d2105850153b14466501f2bfb30324a2f76568a408763a3b7433b0e50e5b4ab1947868e65cb101bb7cb75029553f2c333b6d4b8138a73fcc133d69d
  languageName: node
  linkType: hard

"color-name@npm:~1.1.4":
  version: 1.1.4
  resolution: "color-name@npm:1.1.4"
  checksum: b0445859521eb4021cd0fb0cc1a75cecf67fceecae89b63f62b201cca8d345baf8b952c966862a9d9a2632987d4f6581f0ec8d957dfacece86f0a7919316f610
  languageName: node
  linkType: hard

"color-support@npm:^1.1.3":
  version: 1.1.3
  resolution: "color-support@npm:1.1.3"
  bin:
    color-support: bin.js
  checksum: 9b7356817670b9a13a26ca5af1c21615463b500783b739b7634a0c2047c16cef4b2865d7576875c31c3cddf9dd621fa19285e628f20198b233a5cfdda6d0793b
  languageName: node
  linkType: hard

"concat-map@npm:0.0.1":
  version: 0.0.1
  resolution: "concat-map@npm:0.0.1"
  checksum: 902a9f5d8967a3e2faf138d5cb784b9979bad2e6db5357c5b21c568df4ebe62bcb15108af1b2253744844eb964fc023fbd9afbbbb6ddd0bcc204c6fb5b7bf3af
  languageName: node
  linkType: hard

"console-control-strings@npm:^1.1.0":
  version: 1.1.0
  resolution: "console-control-strings@npm:1.1.0"
  checksum: 8755d76787f94e6cf79ce4666f0c5519906d7f5b02d4b884cf41e11dcd759ed69c57da0670afd9236d229a46e0f9cf519db0cd829c6dca820bb5a5c3def584ed
  languageName: node
  linkType: hard

"cross-spawn@npm:^7.0.0":
  version: 7.0.3
  resolution: "cross-spawn@npm:7.0.3"
  dependencies:
    path-key: ^3.1.0
    shebang-command: ^2.0.0
    which: ^2.0.1
  checksum: 671cc7c7288c3a8406f3c69a3ae2fc85555c04169e9d611def9a675635472614f1c0ed0ef80955d5b6d4e724f6ced67f0ad1bb006c2ea643488fcfef994d7f52
  languageName: node
  linkType: hard

"debug@npm:4, debug@npm:^4.1.0, debug@npm:^4.3.3":
  version: 4.3.4
  resolution: "debug@npm:4.3.4"
  dependencies:
    ms: 2.1.2
  peerDependenciesMeta:
    supports-color:
      optional: true
  checksum: 3dbad3f94ea64f34431a9cbf0bafb61853eda57bff2880036153438f50fb5a84f27683ba0d8e5426bf41a8c6ff03879488120cf5b3a761e77953169c0600a708
  languageName: node
  linkType: hard

"decamelize@npm:^1.2.0":
  version: 1.2.0
  resolution: "decamelize@npm:1.2.0"
  checksum: ad8c51a7e7e0720c70ec2eeb1163b66da03e7616d7b98c9ef43cce2416395e84c1e9548dd94f5f6ffecfee9f8b94251fc57121a8b021f2ff2469b2bae247b8aa
  languageName: node
  linkType: hard

"delegates@npm:^1.0.0":
  version: 1.0.0
  resolution: "delegates@npm:1.0.0"
  checksum: a51744d9b53c164ba9c0492471a1a2ffa0b6727451bdc89e31627fdf4adda9d51277cfcbfb20f0a6f08ccb3c436f341df3e92631a3440226d93a8971724771fd
  languageName: node
  linkType: hard

"depd@npm:^2.0.0":
  version: 2.0.0
  resolution: "depd@npm:2.0.0"
  checksum: abbe19c768c97ee2eed6282d8ce3031126662252c58d711f646921c9623f9052e3e1906443066beec1095832f534e57c523b7333f8e7e0d93051ab6baef5ab3a
  languageName: node
  linkType: hard

"docs@workspace:.":
  version: 0.0.0-use.local
  resolution: "docs@workspace:."
  dependencies:
    chokidar-cli: ^3.0.0
  languageName: unknown
  linkType: soft

"eastasianwidth@npm:^0.2.0":
  version: 0.2.0
  resolution: "eastasianwidth@npm:0.2.0"
  checksum: 7d00d7cd8e49b9afa762a813faac332dee781932d6f2c848dc348939c4253f1d4564341b7af1d041853bc3f32c2ef141b58e0a4d9862c17a7f08f68df1e0f1ed
  languageName: node
  linkType: hard

"emoji-regex@npm:^7.0.1":
  version: 7.0.3
  resolution: "emoji-regex@npm:7.0.3"
  checksum: 9159b2228b1511f2870ac5920f394c7e041715429a68459ebe531601555f11ea782a8e1718f969df2711d38c66268174407cbca57ce36485544f695c2dfdc96e
  languageName: node
  linkType: hard

"emoji-regex@npm:^8.0.0":
  version: 8.0.0
  resolution: "emoji-regex@npm:8.0.0"
  checksum: d4c5c39d5a9868b5fa152f00cada8a936868fd3367f33f71be515ecee4c803132d11b31a6222b2571b1e5f7e13890156a94880345594d0ce7e3c9895f560f192
  languageName: node
  linkType: hard

"emoji-regex@npm:^9.2.2":
  version: 9.2.2
  resolution: "emoji-regex@npm:9.2.2"
  checksum: 8487182da74aabd810ac6d6f1994111dfc0e331b01271ae01ec1eb0ad7b5ecc2bbbbd2f053c05cb55a1ac30449527d819bbfbf0e3de1023db308cbcb47f86601
  languageName: node
  linkType: hard

"encoding@npm:^0.1.13":
  version: 0.1.13
  resolution: "encoding@npm:0.1.13"
  dependencies:
    iconv-lite: ^0.6.2
  checksum: bb98632f8ffa823996e508ce6a58ffcf5856330fde839ae42c9e1f436cc3b5cc651d4aeae72222916545428e54fd0f6aa8862fd8d25bdbcc4589f1e3f3715e7f
  languageName: node
  linkType: hard

"env-paths@npm:^2.2.0":
  version: 2.2.1
  resolution: "env-paths@npm:2.2.1"
  checksum: 65b5df55a8bab92229ab2b40dad3b387fad24613263d103a97f91c9fe43ceb21965cd3392b1ccb5d77088021e525c4e0481adb309625d0cb94ade1d1fb8dc17e
  languageName: node
  linkType: hard

"err-code@npm:^2.0.2":
  version: 2.0.3
  resolution: "err-code@npm:2.0.3"
  checksum: 8b7b1be20d2de12d2255c0bc2ca638b7af5171142693299416e6a9339bd7d88fc8d7707d913d78e0993176005405a236b066b45666b27b797252c771156ace54
  languageName: node
  linkType: hard

"exponential-backoff@npm:^3.1.1":
  version: 3.1.1
  resolution: "exponential-backoff@npm:3.1.1"
  checksum: 3d21519a4f8207c99f7457287291316306255a328770d320b401114ec8481986e4e467e854cb9914dd965e0a1ca810a23ccb559c642c88f4c7f55c55778a9b48
  languageName: node
  linkType: hard

"fill-range@npm:^7.0.1":
  version: 7.0.1
  resolution: "fill-range@npm:7.0.1"
  dependencies:
    to-regex-range: ^5.0.1
  checksum: cc283f4e65b504259e64fd969bcf4def4eb08d85565e906b7d36516e87819db52029a76b6363d0f02d0d532f0033c9603b9e2d943d56ee3b0d4f7ad3328ff917
  languageName: node
  linkType: hard

"find-up@npm:^3.0.0":
  version: 3.0.0
  resolution: "find-up@npm:3.0.0"
  dependencies:
    locate-path: ^3.0.0
  checksum: 38eba3fe7a66e4bc7f0f5a1366dc25508b7cfc349f852640e3678d26ad9a6d7e2c43eff0a472287de4a9753ef58f066a0ea892a256fa3636ad51b3fe1e17fae9
  languageName: node
  linkType: hard

"foreground-child@npm:^3.1.0":
  version: 3.1.1
  resolution: "foreground-child@npm:3.1.1"
  dependencies:
    cross-spawn: ^7.0.0
    signal-exit: ^4.0.1
  checksum: 139d270bc82dc9e6f8bc045fe2aae4001dc2472157044fdfad376d0a3457f77857fa883c1c8b21b491c6caade9a926a4bed3d3d2e8d3c9202b151a4cbbd0bcd5
  languageName: node
  linkType: hard

"fs-minipass@npm:^2.0.0":
  version: 2.1.0
  resolution: "fs-minipass@npm:2.1.0"
  dependencies:
    minipass: ^3.0.0
  checksum: 1b8d128dae2ac6cc94230cc5ead341ba3e0efaef82dab46a33d171c044caaa6ca001364178d42069b2809c35a1c3c35079a32107c770e9ffab3901b59af8c8b1
  languageName: node
  linkType: hard

"fs-minipass@npm:^3.0.0":
  version: 3.0.2
  resolution: "fs-minipass@npm:3.0.2"
  dependencies:
    minipass: ^5.0.0
  checksum: e9cc0e1f2d01c6f6f62f567aee59530aba65c6c7b2ae88c5027bc34c711ebcfcfaefd0caf254afa6adfe7d1fba16bc2537508a6235196bac7276747d078aef0a
  languageName: node
  linkType: hard

"fs.realpath@npm:^1.0.0":
  version: 1.0.0
  resolution: "fs.realpath@npm:1.0.0"
  checksum: 99ddea01a7e75aa276c250a04eedeffe5662bce66c65c07164ad6264f9de18fb21be9433ead460e54cff20e31721c811f4fb5d70591799df5f85dce6d6746fd0
  languageName: node
  linkType: hard

"fsevents@npm:~2.3.2":
  version: 2.3.2
  resolution: "fsevents@npm:2.3.2"
  dependencies:
    node-gyp: latest
  checksum: 97ade64e75091afee5265e6956cb72ba34db7819b4c3e94c431d4be2b19b8bb7a2d4116da417950c3425f17c8fe693d25e20212cac583ac1521ad066b77ae31f
  conditions: os=darwin
  languageName: node
  linkType: hard

"fsevents@patch:fsevents@~2.3.2#~builtin<compat/fsevents>":
  version: 2.3.2
  resolution: "fsevents@patch:fsevents@npm%3A2.3.2#~builtin<compat/fsevents>::version=2.3.2&hash=df0bf1"
  dependencies:
    node-gyp: latest
  conditions: os=darwin
  languageName: node
  linkType: hard

"gauge@npm:^4.0.3":
  version: 4.0.4
  resolution: "gauge@npm:4.0.4"
  dependencies:
    aproba: ^1.0.3 || ^2.0.0
    color-support: ^1.1.3
    console-control-strings: ^1.1.0
    has-unicode: ^2.0.1
    signal-exit: ^3.0.7
    string-width: ^4.2.3
    strip-ansi: ^6.0.1
    wide-align: ^1.1.5
  checksum: 788b6bfe52f1dd8e263cda800c26ac0ca2ff6de0b6eee2fe0d9e3abf15e149b651bd27bf5226be10e6e3edb5c4e5d5985a5a1a98137e7a892f75eff76467ad2d
  languageName: node
  linkType: hard

"get-caller-file@npm:^2.0.1":
  version: 2.0.5
  resolution: "get-caller-file@npm:2.0.5"
  checksum: b9769a836d2a98c3ee734a88ba712e62703f1df31b94b784762c433c27a386dd6029ff55c2a920c392e33657d80191edbf18c61487e198844844516f843496b9
  languageName: node
  linkType: hard

"glob-parent@npm:~5.1.2":
  version: 5.1.2
  resolution: "glob-parent@npm:5.1.2"
  dependencies:
    is-glob: ^4.0.1
  checksum: f4f2bfe2425296e8a47e36864e4f42be38a996db40420fe434565e4480e3322f18eb37589617a98640c5dc8fdec1a387007ee18dbb1f3f5553409c34d17f425e
  languageName: node
  linkType: hard

"glob@npm:^10.2.2":
  version: 10.3.3
  resolution: "glob@npm:10.3.3"
  dependencies:
    foreground-child: ^3.1.0
    jackspeak: ^2.0.3
    minimatch: ^9.0.1
    minipass: ^5.0.0 || ^6.0.2 || ^7.0.0
    path-scurry: ^1.10.1
  bin:
    glob: dist/cjs/src/bin.js
  checksum: 29190d3291f422da0cb40b77a72fc8d2c51a36524e99b8bf412548b7676a6627489528b57250429612b6eec2e6fe7826d328451d3e694a9d15e575389308ec53
  languageName: node
  linkType: hard

"glob@npm:^7.1.3, glob@npm:^7.1.4":
  version: 7.2.3
  resolution: "glob@npm:7.2.3"
  dependencies:
    fs.realpath: ^1.0.0
    inflight: ^1.0.4
    inherits: 2
    minimatch: ^3.1.1
    once: ^1.3.0
    path-is-absolute: ^1.0.0
  checksum: 29452e97b38fa704dabb1d1045350fb2467cf0277e155aa9ff7077e90ad81d1ea9d53d3ee63bd37c05b09a065e90f16aec4a65f5b8de401d1dac40bc5605d133
  languageName: node
  linkType: hard

"graceful-fs@npm:^4.2.6":
  version: 4.2.11
  resolution: "graceful-fs@npm:4.2.11"
  checksum: ac85f94da92d8eb6b7f5a8b20ce65e43d66761c55ce85ac96df6865308390da45a8d3f0296dd3a663de65d30ba497bd46c696cc1e248c72b13d6d567138a4fc7
  languageName: node
  linkType: hard

"has-unicode@npm:^2.0.1":
  version: 2.0.1
  resolution: "has-unicode@npm:2.0.1"
  checksum: 1eab07a7436512db0be40a710b29b5dc21fa04880b7f63c9980b706683127e3c1b57cb80ea96d47991bdae2dfe479604f6a1ba410106ee1046a41d1bd0814400
  languageName: node
  linkType: hard

"http-cache-semantics@npm:^4.1.1":
  version: 4.1.1
  resolution: "http-cache-semantics@npm:4.1.1"
  checksum: 83ac0bc60b17a3a36f9953e7be55e5c8f41acc61b22583060e8dedc9dd5e3607c823a88d0926f9150e571f90946835c7fe150732801010845c72cd8bbff1a236
  languageName: node
  linkType: hard

"http-proxy-agent@npm:^5.0.0":
  version: 5.0.0
  resolution: "http-proxy-agent@npm:5.0.0"
  dependencies:
    "@tootallnate/once": 2
    agent-base: 6
    debug: 4
  checksum: e2ee1ff1656a131953839b2a19cd1f3a52d97c25ba87bd2559af6ae87114abf60971e498021f9b73f9fd78aea8876d1fb0d4656aac8a03c6caa9fc175f22b786
  languageName: node
  linkType: hard

"https-proxy-agent@npm:^5.0.0":
  version: 5.0.1
  resolution: "https-proxy-agent@npm:5.0.1"
  dependencies:
    agent-base: 6
    debug: 4
  checksum: 571fccdf38184f05943e12d37d6ce38197becdd69e58d03f43637f7fa1269cf303a7d228aa27e5b27bbd3af8f09fd938e1c91dcfefff2df7ba77c20ed8dfc765
  languageName: node
  linkType: hard

"humanize-ms@npm:^1.2.1":
  version: 1.2.1
  resolution: "humanize-ms@npm:1.2.1"
  dependencies:
    ms: ^2.0.0
  checksum: 9c7a74a2827f9294c009266c82031030eae811ca87b0da3dceb8d6071b9bde22c9f3daef0469c3c533cc67a97d8a167cd9fc0389350e5f415f61a79b171ded16
  languageName: node
  linkType: hard

"iconv-lite@npm:^0.6.2":
  version: 0.6.3
  resolution: "iconv-lite@npm:0.6.3"
  dependencies:
    safer-buffer: ">= 2.1.2 < 3.0.0"
  checksum: 3f60d47a5c8fc3313317edfd29a00a692cc87a19cac0159e2ce711d0ebc9019064108323b5e493625e25594f11c6236647d8e256fbe7a58f4a3b33b89e6d30bf
  languageName: node
  linkType: hard

"imurmurhash@npm:^0.1.4":
  version: 0.1.4
  resolution: "imurmurhash@npm:0.1.4"
  checksum: 7cae75c8cd9a50f57dadd77482359f659eaebac0319dd9368bcd1714f55e65badd6929ca58569da2b6494ef13fdd5598cd700b1eba23f8b79c5f19d195a3ecf7
  languageName: node
  linkType: hard

"indent-string@npm:^4.0.0":
  version: 4.0.0
  resolution: "indent-string@npm:4.0.0"
  checksum: 824cfb9929d031dabf059bebfe08cf3137365e112019086ed3dcff6a0a7b698cb80cf67ccccde0e25b9e2d7527aa6cc1fed1ac490c752162496caba3e6699612
  languageName: node
  linkType: hard

"inflight@npm:^1.0.4":
  version: 1.0.6
  resolution: "inflight@npm:1.0.6"
  dependencies:
    once: ^1.3.0
    wrappy: 1
  checksum: f4f76aa072ce19fae87ce1ef7d221e709afb59d445e05d47fba710e85470923a75de35bfae47da6de1b18afc3ce83d70facf44cfb0aff89f0a3f45c0a0244dfd
  languageName: node
  linkType: hard

"inherits@npm:2, inherits@npm:^2.0.3":
  version: 2.0.4
  resolution: "inherits@npm:2.0.4"
  checksum: 4a48a733847879d6cf6691860a6b1e3f0f4754176e4d71494c41f3475553768b10f84b5ce1d40fbd0e34e6bfbb864ee35858ad4dd2cf31e02fc4a154b724d7f1
  languageName: node
  linkType: hard

"ip@npm:^2.0.0":
  version: 2.0.0
  resolution: "ip@npm:2.0.0"
  checksum: cfcfac6b873b701996d71ec82a7dd27ba92450afdb421e356f44044ed688df04567344c36cbacea7d01b1c39a4c732dc012570ebe9bebfb06f27314bca625349
  languageName: node
  linkType: hard

"is-binary-path@npm:~2.1.0":
  version: 2.1.0
  resolution: "is-binary-path@npm:2.1.0"
  dependencies:
    binary-extensions: ^2.0.0
  checksum: 84192eb88cff70d320426f35ecd63c3d6d495da9d805b19bc65b518984b7c0760280e57dbf119b7e9be6b161784a5a673ab2c6abe83abb5198a432232ad5b35c
  languageName: node
  linkType: hard

"is-extglob@npm:^2.1.1":
  version: 2.1.1
  resolution: "is-extglob@npm:2.1.1"
  checksum: df033653d06d0eb567461e58a7a8c9f940bd8c22274b94bf7671ab36df5719791aae15eef6d83bbb5e23283967f2f984b8914559d4449efda578c775c4be6f85
  languageName: node
  linkType: hard

"is-fullwidth-code-point@npm:^2.0.0":
  version: 2.0.0
  resolution: "is-fullwidth-code-point@npm:2.0.0"
  checksum: eef9c6e15f68085fec19ff6a978a6f1b8f48018fd1265035552078ee945573594933b09bbd6f562553e2a241561439f1ef5339276eba68d272001343084cfab8
  languageName: node
  linkType: hard

"is-fullwidth-code-point@npm:^3.0.0":
  version: 3.0.0
  resolution: "is-fullwidth-code-point@npm:3.0.0"
  checksum: 44a30c29457c7fb8f00297bce733f0a64cd22eca270f83e58c105e0d015e45c019491a4ab2faef91ab51d4738c670daff901c799f6a700e27f7314029e99e348
  languageName: node
  linkType: hard

"is-glob@npm:^4.0.1, is-glob@npm:~4.0.1":
  version: 4.0.3
  resolution: "is-glob@npm:4.0.3"
  dependencies:
    is-extglob: ^2.1.1
  checksum: d381c1319fcb69d341cc6e6c7cd588e17cd94722d9a32dbd60660b993c4fb7d0f19438674e68dfec686d09b7c73139c9166b47597f846af387450224a8101ab4
  languageName: node
  linkType: hard

"is-lambda@npm:^1.0.1":
  version: 1.0.1
  resolution: "is-lambda@npm:1.0.1"
  checksum: 93a32f01940220532e5948538699ad610d5924ac86093fcee83022252b363eb0cc99ba53ab084a04e4fb62bf7b5731f55496257a4c38adf87af9c4d352c71c35
  languageName: node
  linkType: hard

"is-number@npm:^7.0.0":
  version: 7.0.0
  resolution: "is-number@npm:7.0.0"
  checksum: 456ac6f8e0f3111ed34668a624e45315201dff921e5ac181f8ec24923b99e9f32ca1a194912dc79d539c97d33dba17dc635202ff0b2cf98326f608323276d27a
  languageName: node
  linkType: hard

"isexe@npm:^2.0.0":
  version: 2.0.0
  resolution: "isexe@npm:2.0.0"
  checksum: 26bf6c5480dda5161c820c5b5c751ae1e766c587b1f951ea3fcfc973bafb7831ae5b54a31a69bd670220e42e99ec154475025a468eae58ea262f813fdc8d1c62
  languageName: node
  linkType: hard

"jackspeak@npm:^2.0.3":
  version: 2.2.1
  resolution: "jackspeak@npm:2.2.1"
  dependencies:
    "@isaacs/cliui": ^8.0.2
    "@pkgjs/parseargs": ^0.11.0
  dependenciesMeta:
    "@pkgjs/parseargs":
      optional: true
  checksum: e29291c0d0f280a063fa18fbd1e891ab8c2d7519fd34052c0ebde38538a15c603140d60c2c7f432375ff7ee4c5f1c10daa8b2ae19a97c3d4affe308c8360c1df
  languageName: node
  linkType: hard

"locate-path@npm:^3.0.0":
  version: 3.0.0
  resolution: "locate-path@npm:3.0.0"
  dependencies:
    p-locate: ^3.0.0
    path-exists: ^3.0.0
  checksum: 53db3996672f21f8b0bf2a2c645ae2c13ffdae1eeecfcd399a583bce8516c0b88dcb4222ca6efbbbeb6949df7e46860895be2c02e8d3219abd373ace3bfb4e11
  languageName: node
  linkType: hard

"lodash.debounce@npm:^4.0.8":
  version: 4.0.8
  resolution: "lodash.debounce@npm:4.0.8"
  checksum: a3f527d22c548f43ae31c861ada88b2637eb48ac6aa3eb56e82d44917971b8aa96fbb37aa60efea674dc4ee8c42074f90f7b1f772e9db375435f6c83a19b3bc6
  languageName: node
  linkType: hard

"lodash.throttle@npm:^4.1.1":
  version: 4.1.1
  resolution: "lodash.throttle@npm:4.1.1"
  checksum: 129c0a28cee48b348aef146f638ef8a8b197944d4e9ec26c1890c19d9bf5a5690fe11b655c77a4551268819b32d27f4206343e30c78961f60b561b8608c8c805
  languageName: node
  linkType: hard

"lru-cache@npm:^6.0.0":
  version: 6.0.0
  resolution: "lru-cache@npm:6.0.0"
  dependencies:
    yallist: ^4.0.0
  checksum: f97f499f898f23e4585742138a22f22526254fdba6d75d41a1c2526b3b6cc5747ef59c5612ba7375f42aca4f8461950e925ba08c991ead0651b4918b7c978297
  languageName: node
  linkType: hard

"lru-cache@npm:^7.7.1":
  version: 7.18.3
  resolution: "lru-cache@npm:7.18.3"
  checksum: e550d772384709deea3f141af34b6d4fa392e2e418c1498c078de0ee63670f1f46f5eee746e8ef7e69e1c895af0d4224e62ee33e66a543a14763b0f2e74c1356
  languageName: node
  linkType: hard

"lru-cache@npm:^9.1.1 || ^10.0.0":
  version: 10.0.0
  resolution: "lru-cache@npm:10.0.0"
  checksum: 18f101675fe283bc09cda0ef1e3cc83781aeb8373b439f086f758d1d91b28730950db785999cd060d3c825a8571c03073e8c14512b6655af2188d623031baf50
  languageName: node
  linkType: hard

"make-fetch-happen@npm:^11.0.3":
  version: 11.1.1
  resolution: "make-fetch-happen@npm:11.1.1"
  dependencies:
    agentkeepalive: ^4.2.1
    cacache: ^17.0.0
    http-cache-semantics: ^4.1.1
    http-proxy-agent: ^5.0.0
    https-proxy-agent: ^5.0.0
    is-lambda: ^1.0.1
    lru-cache: ^7.7.1
    minipass: ^5.0.0
    minipass-fetch: ^3.0.0
    minipass-flush: ^1.0.5
    minipass-pipeline: ^1.2.4
    negotiator: ^0.6.3
    promise-retry: ^2.0.1
    socks-proxy-agent: ^7.0.0
    ssri: ^10.0.0
  checksum: 7268bf274a0f6dcf0343829489a4506603ff34bd0649c12058753900b0eb29191dce5dba12680719a5d0a983d3e57810f594a12f3c18494e93a1fbc6348a4540
  languageName: node
  linkType: hard

"minimatch@npm:^3.1.1":
  version: 3.1.2
  resolution: "minimatch@npm:3.1.2"
  dependencies:
    brace-expansion: ^1.1.7
  checksum: c154e566406683e7bcb746e000b84d74465b3a832c45d59912b9b55cd50dee66e5c4b1e5566dba26154040e51672f9aa450a9aef0c97cfc7336b78b7afb9540a
  languageName: node
  linkType: hard

"minimatch@npm:^9.0.1":
  version: 9.0.3
  resolution: "minimatch@npm:9.0.3"
  dependencies:
    brace-expansion: ^2.0.1
  checksum: 253487976bf485b612f16bf57463520a14f512662e592e95c571afdab1442a6a6864b6c88f248ce6fc4ff0b6de04ac7aa6c8bb51e868e99d1d65eb0658a708b5
  languageName: node
  linkType: hard

"minipass-collect@npm:^1.0.2":
  version: 1.0.2
  resolution: "minipass-collect@npm:1.0.2"
  dependencies:
    minipass: ^3.0.0
  checksum: 14df761028f3e47293aee72888f2657695ec66bd7d09cae7ad558da30415fdc4752bbfee66287dcc6fd5e6a2fa3466d6c484dc1cbd986525d9393b9523d97f10
  languageName: node
  linkType: hard

"minipass-fetch@npm:^3.0.0":
  version: 3.0.3
  resolution: "minipass-fetch@npm:3.0.3"
  dependencies:
    encoding: ^0.1.13
    minipass: ^5.0.0
    minipass-sized: ^1.0.3
    minizlib: ^2.1.2
  dependenciesMeta:
    encoding:
      optional: true
  checksum: af5ab2552a16fcf505d35fd7ffb84b57f4a0eeb269e6e1d9a2a75824dda48b36e527083250b7cca4a4def21d9544e2ade441e4730e233c0bc2133f6abda31e18
  languageName: node
  linkType: hard

"minipass-flush@npm:^1.0.5":
  version: 1.0.5
  resolution: "minipass-flush@npm:1.0.5"
  dependencies:
    minipass: ^3.0.0
  checksum: 56269a0b22bad756a08a94b1ffc36b7c9c5de0735a4dd1ab2b06c066d795cfd1f0ac44a0fcae13eece5589b908ecddc867f04c745c7009be0b566421ea0944cf
  languageName: node
  linkType: hard

"minipass-pipeline@npm:^1.2.4":
  version: 1.2.4
  resolution: "minipass-pipeline@npm:1.2.4"
  dependencies:
    minipass: ^3.0.0
  checksum: b14240dac0d29823c3d5911c286069e36d0b81173d7bdf07a7e4a91ecdef92cdff4baaf31ea3746f1c61e0957f652e641223970870e2353593f382112257971b
  languageName: node
  linkType: hard

"minipass-sized@npm:^1.0.3":
  version: 1.0.3
  resolution: "minipass-sized@npm:1.0.3"
  dependencies:
    minipass: ^3.0.0
  checksum: 79076749fcacf21b5d16dd596d32c3b6bf4d6e62abb43868fac21674078505c8b15eaca4e47ed844985a4514854f917d78f588fcd029693709417d8f98b2bd60
  languageName: node
  linkType: hard

"minipass@npm:^3.0.0":
  version: 3.3.6
  resolution: "minipass@npm:3.3.6"
  dependencies:
    yallist: ^4.0.0
  checksum: a30d083c8054cee83cdcdc97f97e4641a3f58ae743970457b1489ce38ee1167b3aaf7d815cd39ec7a99b9c40397fd4f686e83750e73e652b21cb516f6d845e48
  languageName: node
  linkType: hard

"minipass@npm:^5.0.0":
  version: 5.0.0
  resolution: "minipass@npm:5.0.0"
  checksum: 425dab288738853fded43da3314a0b5c035844d6f3097a8e3b5b29b328da8f3c1af6fc70618b32c29ff906284cf6406b6841376f21caaadd0793c1d5a6a620ea
  languageName: node
  linkType: hard

"minipass@npm:^5.0.0 || ^6.0.2 || ^7.0.0":
  version: 7.0.2
  resolution: "minipass@npm:7.0.2"
  checksum: 46776de732eb7cef2c7404a15fb28c41f5c54a22be50d47b03c605bf21f5c18d61a173c0a20b49a97e7a65f78d887245066410642551e45fffe04e9ac9e325bc
  languageName: node
  linkType: hard

"minizlib@npm:^2.1.1, minizlib@npm:^2.1.2":
  version: 2.1.2
  resolution: "minizlib@npm:2.1.2"
  dependencies:
    minipass: ^3.0.0
    yallist: ^4.0.0
  checksum: f1fdeac0b07cf8f30fcf12f4b586795b97be856edea22b5e9072707be51fc95d41487faec3f265b42973a304fe3a64acd91a44a3826a963e37b37bafde0212c3
  languageName: node
  linkType: hard

"mkdirp@npm:^1.0.3":
  version: 1.0.4
  resolution: "mkdirp@npm:1.0.4"
  bin:
    mkdirp: bin/cmd.js
  checksum: a96865108c6c3b1b8e1d5e9f11843de1e077e57737602de1b82030815f311be11f96f09cce59bd5b903d0b29834733e5313f9301e3ed6d6f6fba2eae0df4298f
  languageName: node
  linkType: hard

"ms@npm:2.1.2":
  version: 2.1.2
  resolution: "ms@npm:2.1.2"
  checksum: 673cdb2c3133eb050c745908d8ce632ed2c02d85640e2edb3ace856a2266a813b30c613569bf3354fdf4ea7d1a1494add3bfa95e2713baa27d0c2c71fc44f58f
  languageName: node
  linkType: hard

"ms@npm:^2.0.0":
  version: 2.1.3
  resolution: "ms@npm:2.1.3"
  checksum: aa92de608021b242401676e35cfa5aa42dd70cbdc082b916da7fb925c542173e36bce97ea3e804923fe92c0ad991434e4a38327e15a1b5b5f945d66df615ae6d
  languageName: node
  linkType: hard

"negotiator@npm:^0.6.3":
  version: 0.6.3
  resolution: "negotiator@npm:0.6.3"
  checksum: b8ffeb1e262eff7968fc90a2b6767b04cfd9842582a9d0ece0af7049537266e7b2506dfb1d107a32f06dd849ab2aea834d5830f7f4d0e5cb7d36e1ae55d021d9
  languageName: node
  linkType: hard

"node-gyp@npm:latest":
  version: 9.4.0
  resolution: "node-gyp@npm:9.4.0"
  dependencies:
    env-paths: ^2.2.0
    exponential-backoff: ^3.1.1
    glob: ^7.1.4
    graceful-fs: ^4.2.6
    make-fetch-happen: ^11.0.3
    nopt: ^6.0.0
    npmlog: ^6.0.0
    rimraf: ^3.0.2
    semver: ^7.3.5
    tar: ^6.1.2
    which: ^2.0.2
  bin:
    node-gyp: bin/node-gyp.js
  checksum: 78b404e2e0639d64e145845f7f5a3cb20c0520cdaf6dda2f6e025e9b644077202ea7de1232396ba5bde3fee84cdc79604feebe6ba3ec84d464c85d407bb5da99
  languageName: node
  linkType: hard

"nopt@npm:^6.0.0":
  version: 6.0.0
  resolution: "nopt@npm:6.0.0"
  dependencies:
    abbrev: ^1.0.0
  bin:
    nopt: bin/nopt.js
  checksum: 82149371f8be0c4b9ec2f863cc6509a7fd0fa729929c009f3a58e4eb0c9e4cae9920e8f1f8eb46e7d032fec8fb01bede7f0f41a67eb3553b7b8e14fa53de1dac
  languageName: node
  linkType: hard

"normalize-path@npm:^3.0.0, normalize-path@npm:~3.0.0":
  version: 3.0.0
  resolution: "normalize-path@npm:3.0.0"
  checksum: 88eeb4da891e10b1318c4b2476b6e2ecbeb5ff97d946815ffea7794c31a89017c70d7f34b3c2ebf23ef4e9fc9fb99f7dffe36da22011b5b5c6ffa34f4873ec20
  languageName: node
  linkType: hard

"npmlog@npm:^6.0.0":
  version: 6.0.2
  resolution: "npmlog@npm:6.0.2"
  dependencies:
    are-we-there-yet: ^3.0.0
    console-control-strings: ^1.1.0
    gauge: ^4.0.3
    set-blocking: ^2.0.0
  checksum: ae238cd264a1c3f22091cdd9e2b106f684297d3c184f1146984ecbe18aaa86343953f26b9520dedd1b1372bc0316905b736c1932d778dbeb1fcf5a1001390e2a
  languageName: node
  linkType: hard

"once@npm:^1.3.0":
  version: 1.4.0
  resolution: "once@npm:1.4.0"
  dependencies:
    wrappy: 1
  checksum: cd0a88501333edd640d95f0d2700fbde6bff20b3d4d9bdc521bdd31af0656b5706570d6c6afe532045a20bb8dc0849f8332d6f2a416e0ba6d3d3b98806c7db68
  languageName: node
  linkType: hard

"p-limit@npm:^2.0.0":
  version: 2.3.0
  resolution: "p-limit@npm:2.3.0"
  dependencies:
    p-try: ^2.0.0
  checksum: 84ff17f1a38126c3314e91ecfe56aecbf36430940e2873dadaa773ffe072dc23b7af8e46d4b6485d302a11673fe94c6b67ca2cfbb60c989848b02100d0594ac1
  languageName: node
  linkType: hard

"p-locate@npm:^3.0.0":
  version: 3.0.0
  resolution: "p-locate@npm:3.0.0"
  dependencies:
    p-limit: ^2.0.0
  checksum: 83991734a9854a05fe9dbb29f707ea8a0599391f52daac32b86f08e21415e857ffa60f0e120bfe7ce0cc4faf9274a50239c7895fc0d0579d08411e513b83a4ae
  languageName: node
  linkType: hard

"p-map@npm:^4.0.0":
  version: 4.0.0
  resolution: "p-map@npm:4.0.0"
  dependencies:
    aggregate-error: ^3.0.0
  checksum: cb0ab21ec0f32ddffd31dfc250e3afa61e103ef43d957cc45497afe37513634589316de4eb88abdfd969fe6410c22c0b93ab24328833b8eb1ccc087fc0442a1c
  languageName: node
  linkType: hard

"p-try@npm:^2.0.0":
  version: 2.2.0
  resolution: "p-try@npm:2.2.0"
  checksum: f8a8e9a7693659383f06aec604ad5ead237c7a261c18048a6e1b5b85a5f8a067e469aa24f5bc009b991ea3b058a87f5065ef4176793a200d4917349881216cae
  languageName: node
  linkType: hard

"path-exists@npm:^3.0.0":
  version: 3.0.0
  resolution: "path-exists@npm:3.0.0"
  checksum: 96e92643aa34b4b28d0de1cd2eba52a1c5313a90c6542d03f62750d82480e20bfa62bc865d5cfc6165f5fcd5aeb0851043c40a39be5989646f223300021bae0a
  languageName: node
  linkType: hard

"path-is-absolute@npm:^1.0.0":
  version: 1.0.1
  resolution: "path-is-absolute@npm:1.0.1"
  checksum: 060840f92cf8effa293bcc1bea81281bd7d363731d214cbe5c227df207c34cd727430f70c6037b5159c8a870b9157cba65e775446b0ab06fd5ecc7e54615a3b8
  languageName: node
  linkType: hard

"path-key@npm:^3.1.0":
  version: 3.1.1
  resolution: "path-key@npm:3.1.1"
  checksum: 55cd7a9dd4b343412a8386a743f9c746ef196e57c823d90ca3ab917f90ab9f13dd0ded27252ba49dbdfcab2b091d998bc446f6220cd3cea65db407502a740020
  languageName: node
  linkType: hard

"path-scurry@npm:^1.10.1":
  version: 1.10.1
  resolution: "path-scurry@npm:1.10.1"
  dependencies:
    lru-cache: ^9.1.1 || ^10.0.0
    minipass: ^5.0.0 || ^6.0.2 || ^7.0.0
  checksum: e2557cff3a8fb8bc07afdd6ab163a92587884f9969b05bbbaf6fe7379348bfb09af9ed292af12ed32398b15fb443e81692047b786d1eeb6d898a51eb17ed7d90
  languageName: node
  linkType: hard

"picomatch@npm:^2.0.4, picomatch@npm:^2.2.1":
  version: 2.3.1
  resolution: "picomatch@npm:2.3.1"
  checksum: 050c865ce81119c4822c45d3c84f1ced46f93a0126febae20737bd05ca20589c564d6e9226977df859ed5e03dc73f02584a2b0faad36e896936238238b0446cf
  languageName: node
  linkType: hard

"promise-retry@npm:^2.0.1":
  version: 2.0.1
  resolution: "promise-retry@npm:2.0.1"
  dependencies:
    err-code: ^2.0.2
    retry: ^0.12.0
  checksum: f96a3f6d90b92b568a26f71e966cbbc0f63ab85ea6ff6c81284dc869b41510e6cdef99b6b65f9030f0db422bf7c96652a3fff9f2e8fb4a0f069d8f4430359429
  languageName: node
  linkType: hard

"readable-stream@npm:^3.6.0":
  version: 3.6.2
  resolution: "readable-stream@npm:3.6.2"
  dependencies:
    inherits: ^2.0.3
    string_decoder: ^1.1.1
    util-deprecate: ^1.0.1
  checksum: bdcbe6c22e846b6af075e32cf8f4751c2576238c5043169a1c221c92ee2878458a816a4ea33f4c67623c0b6827c8a400409bfb3cf0bf3381392d0b1dfb52ac8d
  languageName: node
  linkType: hard

"readdirp@npm:~3.6.0":
  version: 3.6.0
  resolution: "readdirp@npm:3.6.0"
  dependencies:
    picomatch: ^2.2.1
  checksum: 1ced032e6e45670b6d7352d71d21ce7edf7b9b928494dcaba6f11fba63180d9da6cd7061ebc34175ffda6ff529f481818c962952004d273178acd70f7059b320
  languageName: node
  linkType: hard

"require-directory@npm:^2.1.1":
  version: 2.1.1
  resolution: "require-directory@npm:2.1.1"
  checksum: fb47e70bf0001fdeabdc0429d431863e9475e7e43ea5f94ad86503d918423c1543361cc5166d713eaa7029dd7a3d34775af04764bebff99ef413111a5af18c80
  languageName: node
  linkType: hard

"require-main-filename@npm:^2.0.0":
  version: 2.0.0
  resolution: "require-main-filename@npm:2.0.0"
  checksum: e9e294695fea08b076457e9ddff854e81bffbe248ed34c1eec348b7abbd22a0d02e8d75506559e2265e96978f3c4720bd77a6dad84755de8162b357eb6c778c7
  languageName: node
  linkType: hard

"retry@npm:^0.12.0":
  version: 0.12.0
  resolution: "retry@npm:0.12.0"
  checksum: 623bd7d2e5119467ba66202d733ec3c2e2e26568074923bc0585b6b99db14f357e79bdedb63cab56cec47491c4a0da7e6021a7465ca6dc4f481d3898fdd3158c
  languageName: node
  linkType: hard

"rimraf@npm:^3.0.2":
  version: 3.0.2
  resolution: "rimraf@npm:3.0.2"
  dependencies:
    glob: ^7.1.3
  bin:
    rimraf: bin.js
  checksum: 87f4164e396f0171b0a3386cc1877a817f572148ee13a7e113b238e48e8a9f2f31d009a92ec38a591ff1567d9662c6b67fd8818a2dbbaed74bc26a87a2a4a9a0
  languageName: node
  linkType: hard

"safe-buffer@npm:~5.2.0":
  version: 5.2.1
  resolution: "safe-buffer@npm:5.2.1"
  checksum: b99c4b41fdd67a6aaf280fcd05e9ffb0813654894223afb78a31f14a19ad220bba8aba1cb14eddce1fcfb037155fe6de4e861784eb434f7d11ed58d1e70dd491
  languageName: node
  linkType: hard

"safer-buffer@npm:>= 2.1.2 < 3.0.0":
  version: 2.1.2
  resolution: "safer-buffer@npm:2.1.2"
  checksum: cab8f25ae6f1434abee8d80023d7e72b598cf1327164ddab31003c51215526801e40b66c5e65d658a0af1e9d6478cadcb4c745f4bd6751f97d8644786c0978b0
  languageName: node
  linkType: hard

"semver@npm:^7.3.5":
  version: 7.5.4
  resolution: "semver@npm:7.5.4"
  dependencies:
    lru-cache: ^6.0.0
  bin:
    semver: bin/semver.js
  checksum: 12d8ad952fa353b0995bf180cdac205a4068b759a140e5d3c608317098b3575ac2f1e09182206bf2eb26120e1c0ed8fb92c48c592f6099680de56bb071423ca3
  languageName: node
  linkType: hard

"set-blocking@npm:^2.0.0":
  version: 2.0.0
  resolution: "set-blocking@npm:2.0.0"
  checksum: 6e65a05f7cf7ebdf8b7c75b101e18c0b7e3dff4940d480efed8aad3a36a4005140b660fa1d804cb8bce911cac290441dc728084a30504d3516ac2ff7ad607b02
  languageName: node
  linkType: hard

"shebang-command@npm:^2.0.0":
  version: 2.0.0
  resolution: "shebang-command@npm:2.0.0"
  dependencies:
    shebang-regex: ^3.0.0
  checksum: 6b52fe87271c12968f6a054e60f6bde5f0f3d2db483a1e5c3e12d657c488a15474121a1d55cd958f6df026a54374ec38a4a963988c213b7570e1d51575cea7fa
  languageName: node
  linkType: hard

"shebang-regex@npm:^3.0.0":
  version: 3.0.0
  resolution: "shebang-regex@npm:3.0.0"
  checksum: 1a2bcae50de99034fcd92ad4212d8e01eedf52c7ec7830eedcf886622804fe36884278f2be8be0ea5fde3fd1c23911643a4e0f726c8685b61871c8908af01222
  languageName: node
  linkType: hard

"signal-exit@npm:^3.0.7":
  version: 3.0.7
  resolution: "signal-exit@npm:3.0.7"
  checksum: a2f098f247adc367dffc27845853e9959b9e88b01cb301658cfe4194352d8d2bb32e18467c786a7fe15f1d44b233ea35633d076d5e737870b7139949d1ab6318
  languageName: node
  linkType: hard

"signal-exit@npm:^4.0.1":
  version: 4.0.2
  resolution: "signal-exit@npm:4.0.2"
  checksum: 41f5928431cc6e91087bf0343db786a6313dd7c6fd7e551dbc141c95bb5fb26663444fd9df8ea47c5d7fc202f60aa7468c3162a9365cbb0615fc5e1b1328fe31
  languageName: node
  linkType: hard

"smart-buffer@npm:^4.2.0":
  version: 4.2.0
  resolution: "smart-buffer@npm:4.2.0"
  checksum: b5167a7142c1da704c0e3af85c402002b597081dd9575031a90b4f229ca5678e9a36e8a374f1814c8156a725d17008ae3bde63b92f9cfd132526379e580bec8b
  languageName: node
  linkType: hard

"socks-proxy-agent@npm:^7.0.0":
  version: 7.0.0
  resolution: "socks-proxy-agent@npm:7.0.0"
  dependencies:
    agent-base: ^6.0.2
    debug: ^4.3.3
    socks: ^2.6.2
  checksum: 720554370154cbc979e2e9ce6a6ec6ced205d02757d8f5d93fe95adae454fc187a5cbfc6b022afab850a5ce9b4c7d73e0f98e381879cf45f66317a4895953846
  languageName: node
  linkType: hard

"socks@npm:^2.6.2":
  version: 2.7.1
  resolution: "socks@npm:2.7.1"
  dependencies:
    ip: ^2.0.0
    smart-buffer: ^4.2.0
  checksum: 259d9e3e8e1c9809a7f5c32238c3d4d2a36b39b83851d0f573bfde5f21c4b1288417ce1af06af1452569cd1eb0841169afd4998f0e04ba04656f6b7f0e46d748
  languageName: node
  linkType: hard

"ssri@npm:^10.0.0":
  version: 10.0.4
  resolution: "ssri@npm:10.0.4"
  dependencies:
    minipass: ^5.0.0
  checksum: fb14da9f8a72b04eab163eb13a9dda11d5962cd2317f85457c4e0b575e9a6e0e3a6a87b5bf122c75cb36565830cd5f263fb457571bf6f1587eb5f95d095d6165
  languageName: node
  linkType: hard

"string-width-cjs@npm:string-width@^4.2.0, string-width@npm:^1.0.2 || 2 || 3 || 4, string-width@npm:^4.1.0, string-width@npm:^4.2.3":
  version: 4.2.3
  resolution: "string-width@npm:4.2.3"
  dependencies:
    emoji-regex: ^8.0.0
    is-fullwidth-code-point: ^3.0.0
    strip-ansi: ^6.0.1
  checksum: e52c10dc3fbfcd6c3a15f159f54a90024241d0f149cf8aed2982a2d801d2e64df0bf1dc351cf8e95c3319323f9f220c16e740b06faecd53e2462df1d2b5443fb
  languageName: node
  linkType: hard

"string-width@npm:^3.0.0, string-width@npm:^3.1.0":
  version: 3.1.0
  resolution: "string-width@npm:3.1.0"
  dependencies:
    emoji-regex: ^7.0.1
    is-fullwidth-code-point: ^2.0.0
    strip-ansi: ^5.1.0
  checksum: 57f7ca73d201682816d573dc68bd4bb8e1dff8dc9fcf10470fdfc3474135c97175fec12ea6a159e67339b41e86963112355b64529489af6e7e70f94a7caf08b2
  languageName: node
  linkType: hard

"string-width@npm:^5.0.1, string-width@npm:^5.1.2":
  version: 5.1.2
  resolution: "string-width@npm:5.1.2"
  dependencies:
    eastasianwidth: ^0.2.0
    emoji-regex: ^9.2.2
    strip-ansi: ^7.0.1
  checksum: 7369deaa29f21dda9a438686154b62c2c5f661f8dda60449088f9f980196f7908fc39fdd1803e3e01541970287cf5deae336798337e9319a7055af89dafa7193
  languageName: node
  linkType: hard

"string_decoder@npm:^1.1.1":
  version: 1.3.0
  resolution: "string_decoder@npm:1.3.0"
  dependencies:
    safe-buffer: ~5.2.0
  checksum: 8417646695a66e73aefc4420eb3b84cc9ffd89572861fe004e6aeb13c7bc00e2f616247505d2dbbef24247c372f70268f594af7126f43548565c68c117bdeb56
  languageName: node
  linkType: hard

"strip-ansi-cjs@npm:strip-ansi@^6.0.1, strip-ansi@npm:^6.0.0, strip-ansi@npm:^6.0.1":
  version: 6.0.1
  resolution: "strip-ansi@npm:6.0.1"
  dependencies:
    ansi-regex: ^5.0.1
  checksum: f3cd25890aef3ba6e1a74e20896c21a46f482e93df4a06567cebf2b57edabb15133f1f94e57434e0a958d61186087b1008e89c94875d019910a213181a14fc8c
  languageName: node
  linkType: hard

"strip-ansi@npm:^5.0.0, strip-ansi@npm:^5.1.0, strip-ansi@npm:^5.2.0":
  version: 5.2.0
  resolution: "strip-ansi@npm:5.2.0"
  dependencies:
    ansi-regex: ^4.1.0
  checksum: bdb5f76ade97062bd88e7723aa019adbfacdcba42223b19ccb528ffb9fb0b89a5be442c663c4a3fb25268eaa3f6ea19c7c3fbae830bd1562d55adccae1fcec46
  languageName: node
  linkType: hard

"strip-ansi@npm:^7.0.1":
  version: 7.1.0
  resolution: "strip-ansi@npm:7.1.0"
  dependencies:
    ansi-regex: ^6.0.1
  checksum: 859c73fcf27869c22a4e4d8c6acfe690064659e84bef9458aa6d13719d09ca88dcfd40cbf31fd0be63518ea1a643fe070b4827d353e09533a5b0b9fd4553d64d
  languageName: node
  linkType: hard

"tar@npm:^6.1.11, tar@npm:^6.1.2":
  version: 6.1.15
  resolution: "tar@npm:6.1.15"
  dependencies:
    chownr: ^2.0.0
    fs-minipass: ^2.0.0
    minipass: ^5.0.0
    minizlib: ^2.1.1
    mkdirp: ^1.0.3
    yallist: ^4.0.0
  checksum: f23832fceeba7578bf31907aac744ae21e74a66f4a17a9e94507acf460e48f6db598c7023882db33bab75b80e027c21f276d405e4a0322d58f51c7088d428268
  languageName: node
  linkType: hard

"to-regex-range@npm:^5.0.1":
  version: 5.0.1
  resolution: "to-regex-range@npm:5.0.1"
  dependencies:
    is-number: ^7.0.0
  checksum: f76fa01b3d5be85db6a2a143e24df9f60dd047d151062d0ba3df62953f2f697b16fe5dad9b0ac6191c7efc7b1d9dcaa4b768174b7b29da89d4428e64bc0a20ed
  languageName: node
  linkType: hard

"unique-filename@npm:^3.0.0":
  version: 3.0.0
  resolution: "unique-filename@npm:3.0.0"
  dependencies:
    unique-slug: ^4.0.0
  checksum: 8e2f59b356cb2e54aab14ff98a51ac6c45781d15ceaab6d4f1c2228b780193dc70fae4463ce9e1df4479cb9d3304d7c2043a3fb905bdeca71cc7e8ce27e063df
  languageName: node
  linkType: hard

"unique-slug@npm:^4.0.0":
  version: 4.0.0
  resolution: "unique-slug@npm:4.0.0"
  dependencies:
    imurmurhash: ^0.1.4
  checksum: 0884b58365af59f89739e6f71e3feacb5b1b41f2df2d842d0757933620e6de08eff347d27e9d499b43c40476cbaf7988638d3acb2ffbcb9d35fd035591adfd15
  languageName: node
  linkType: hard

"util-deprecate@npm:^1.0.1":
  version: 1.0.2
  resolution: "util-deprecate@npm:1.0.2"
  checksum: 474acf1146cb2701fe3b074892217553dfcf9a031280919ba1b8d651a068c9b15d863b7303cb15bd00a862b498e6cf4ad7b4a08fb134edd5a6f7641681cb54a2
  languageName: node
  linkType: hard

"which-module@npm:^2.0.0":
  version: 2.0.1
  resolution: "which-module@npm:2.0.1"
  checksum: 1967b7ce17a2485544a4fdd9063599f0f773959cca24176dbe8f405e55472d748b7c549cd7920ff6abb8f1ab7db0b0f1b36de1a21c57a8ff741f4f1e792c52be
  languageName: node
  linkType: hard

"which@npm:^2.0.1, which@npm:^2.0.2":
  version: 2.0.2
  resolution: "which@npm:2.0.2"
  dependencies:
    isexe: ^2.0.0
  bin:
    node-which: ./bin/node-which
  checksum: 1a5c563d3c1b52d5f893c8b61afe11abc3bab4afac492e8da5bde69d550de701cf9806235f20a47b5c8fa8a1d6a9135841de2596535e998027a54589000e66d1
  languageName: node
  linkType: hard

"wide-align@npm:^1.1.5":
  version: 1.1.5
  resolution: "wide-align@npm:1.1.5"
  dependencies:
    string-width: ^1.0.2 || 2 || 3 || 4
  checksum: d5fc37cd561f9daee3c80e03b92ed3e84d80dde3365a8767263d03dacfc8fa06b065ffe1df00d8c2a09f731482fcacae745abfbb478d4af36d0a891fad4834d3
  languageName: node
  linkType: hard

"wrap-ansi-cjs@npm:wrap-ansi@^7.0.0":
  version: 7.0.0
  resolution: "wrap-ansi@npm:7.0.0"
  dependencies:
    ansi-styles: ^4.0.0
    string-width: ^4.1.0
    strip-ansi: ^6.0.0
  checksum: a790b846fd4505de962ba728a21aaeda189b8ee1c7568ca5e817d85930e06ef8d1689d49dbf0e881e8ef84436af3a88bc49115c2e2788d841ff1b8b5b51a608b
  languageName: node
  linkType: hard

"wrap-ansi@npm:^5.1.0":
  version: 5.1.0
  resolution: "wrap-ansi@npm:5.1.0"
  dependencies:
    ansi-styles: ^3.2.0
    string-width: ^3.0.0
    strip-ansi: ^5.0.0
  checksum: 9b48c862220e541eb0daa22661b38b947973fc57054e91be5b0f2dcc77741a6875ccab4ebe970a394b4682c8dfc17e888266a105fb8b0a9b23c19245e781ceae
  languageName: node
  linkType: hard

"wrap-ansi@npm:^8.1.0":
  version: 8.1.0
  resolution: "wrap-ansi@npm:8.1.0"
  dependencies:
    ansi-styles: ^6.1.0
    string-width: ^5.0.1
    strip-ansi: ^7.0.1
  checksum: 371733296dc2d616900ce15a0049dca0ef67597d6394c57347ba334393599e800bab03c41d4d45221b6bc967b8c453ec3ae4749eff3894202d16800fdfe0e238
  languageName: node
  linkType: hard

"wrappy@npm:1":
  version: 1.0.2
  resolution: "wrappy@npm:1.0.2"
  checksum: 159da4805f7e84a3d003d8841557196034155008f817172d4e986bd591f74aa82aa7db55929a54222309e01079a65a92a9e6414da5a6aa4b01ee44a511ac3ee5
  languageName: node
  linkType: hard

"y18n@npm:^4.0.0":
  version: 4.0.3
  resolution: "y18n@npm:4.0.3"
  checksum: 014dfcd9b5f4105c3bb397c1c8c6429a9df004aa560964fb36732bfb999bfe83d45ae40aeda5b55d21b1ee53d8291580a32a756a443e064317953f08025b1aa4
  languageName: node
  linkType: hard

"yallist@npm:^4.0.0":
  version: 4.0.0
  resolution: "yallist@npm:4.0.0"
  checksum: 343617202af32df2a15a3be36a5a8c0c8545208f3d3dfbc6bb7c3e3b7e8c6f8e7485432e4f3b88da3031a6e20afa7c711eded32ddfb122896ac5d914e75848d5
  languageName: node
  linkType: hard

"yargs-parser@npm:^13.1.2":
  version: 13.1.2
  resolution: "yargs-parser@npm:13.1.2"
  dependencies:
    camelcase: ^5.0.0
    decamelize: ^1.2.0
  checksum: c8bb6f44d39a4acd94462e96d4e85469df865de6f4326e0ab1ac23ae4a835e5dd2ddfe588317ebf80c3a7e37e741bd5cb0dc8d92bcc5812baefb7df7c885e86b
  languageName: node
  linkType: hard

"yargs@npm:^13.3.0":
  version: 13.3.2
  resolution: "yargs@npm:13.3.2"
  dependencies:
    cliui: ^5.0.0
    find-up: ^3.0.0
    get-caller-file: ^2.0.1
    require-directory: ^2.1.1
    require-main-filename: ^2.0.0
    set-blocking: ^2.0.0
    string-width: ^3.0.0
    which-module: ^2.0.0
    y18n: ^4.0.0
    yargs-parser: ^13.1.2
  checksum: 75c13e837eb2bb25717957ba58d277e864efc0cca7f945c98bdf6477e6ec2f9be6afa9ed8a876b251a21423500c148d7b91e88dee7adea6029bdec97af1ef3e8
  languageName: node
  linkType: hard
